# THIS IS AN AUTOGENERATED FILE. DO NOT EDIT THIS FILE DIRECTLY.
# yarn lockfile v1


"@tsconfig/strictest@^2.0.0":
  version "2.0.0"
  resolved "https://registry.yarnpkg.com/@tsconfig/strictest/-/strictest-2.0.0.tgz#9528a6298aa28ecc93b0c4c4e9ea6aac813779b5"
  integrity sha512-E0dpiZNdwO20c8d3seh7OmjAvDpwoRkTcU6M8cvggzB45Bd45tyTU2XJeA5Wfq+8NzVGhunvqOJ30AjSkywMXA==
